// !$*UTF8*$!
{
	archiveVersion = 1;
	classes = {
	};
	objectVersion = 56;
	objects = {

/* Begin PBXBuildFile section */
		214A40B629C4F7F400F6C7BF /* HomeViewController.swift in Sources */ = {isa = PBXBuildFile; fileRef = 214A40B529C4F7F400F6C7BF /* HomeViewController.swift */; };
		216ACF7629C0BDA600B61044 /* OnBoardingCollectionViewCell.swift in Sources */ = {isa = PBXBuildFile; fileRef = 216ACF7529C0BDA600B61044 /* OnBoardingCollectionViewCell.swift */; };
		216ACF7829C0BDF400B61044 /* OnBoardingSlide.swift in Sources */ = {isa = PBXBuildFile; fileRef = 216ACF7729C0BDF400B61044 /* OnBoardingSlide.swift */; };
		218DFE2E29C0A1A7001C6BB5 /* AppDelegate.swift in Sources */ = {isa = PBXBuildFile; fileRef = 218DFE2D29C0A1A7001C6BB5 /* AppDelegate.swift */; };
		218DFE3029C0A1A7001C6BB5 /* SceneDelegate.swift in Sources */ = {isa = PBXBuildFile; fileRef = 218DFE2F29C0A1A7001C6BB5 /* SceneDelegate.swift */; };
		218DFE3529C0A1A7001C6BB5 /* Main.storyboard in Resources */ = {isa = PBXBuildFile; fileRef = 218DFE3329C0A1A7001C6BB5 /* Main.storyboard */; };
		218DFE3729C0A1A9001C6BB5 /* Assets.xcassets in Resources */ = {isa = PBXBuildFile; fileRef = 218DFE3629C0A1A9001C6BB5 /* Assets.xcassets */; };
		218DFE3A29C0A1A9001C6BB5 /* LaunchScreen.storyboard in Resources */ = {isa = PBXBuildFile; fileRef = 218DFE3829C0A1A9001C6BB5 /* LaunchScreen.storyboard */; };
		218DFE4629C0ADA8001C6BB5 /* OnBoardingViewController.swift in Sources */ = {isa = PBXBuildFile; fileRef = 218DFE4529C0ADA8001C6BB5 /* OnBoardingViewController.swift */; };
		218DFE4929C0B145001C6BB5 /* UIView+Extension.swift in Sources */ = {isa = PBXBuildFile; fileRef = 218DFE4829C0B145001C6BB5 /* UIView+Extension.swift */; };
		21C0A0F029C5D47700C86FE4 /* CategoryCollectionViewCell.swift in Sources */ = {isa = PBXBuildFile; fileRef = 21C0A0EE29C5D47700C86FE4 /* CategoryCollectionViewCell.swift */; };
		21C0A0F129C5D47700C86FE4 /* CategoryCollectionViewCell.xib in Resources */ = {isa = PBXBuildFile; fileRef = 21C0A0EF29C5D47700C86FE4 /* CategoryCollectionViewCell.xib */; };
		21C0A0F329C5D6C000C86FE4 /* DishCategory.swift in Sources */ = {isa = PBXBuildFile; fileRef = 21C0A0F229C5D6C000C86FE4 /* DishCategory.swift */; };
		21C0A0F529C5D8F600C86FE4 /* String+Extension.swift in Sources */ = {isa = PBXBuildFile; fileRef = 21C0A0F429C5D8F600C86FE4 /* String+Extension.swift */; };
		21C0A0F929C5E40700C86FE4 /* CardView.swift in Sources */ = {isa = PBXBuildFile; fileRef = 21C0A0F829C5E40700C86FE4 /* CardView.swift */; };
		21C0A0FD29C5FE8A00C86FE4 /* DishCollectionViewCell.swift in Sources */ = {isa = PBXBuildFile; fileRef = 21C0A0FB29C5FE8A00C86FE4 /* DishCollectionViewCell.swift */; };
		21C0A0FE29C5FE8A00C86FE4 /* DishCollectionViewCell.xib in Resources */ = {isa = PBXBuildFile; fileRef = 21C0A0FC29C5FE8A00C86FE4 /* DishCollectionViewCell.xib */; };
		21C0A10029C6059E00C86FE4 /* Dish.swift in Sources */ = {isa = PBXBuildFile; fileRef = 21C0A0FF29C6059E00C86FE4 /* Dish.swift */; };
		467D896E56344DB8E186147A /* Pods_Food_Ordering_App.framework in Frameworks */ = {isa = PBXBuildFile; fileRef = D3A2E2431CBD63CAB9D57356 /* Pods_Food_Ordering_App.framework */; };
/* End PBXBuildFile section */

/* Begin PBXFileReference section */
		214A40B529C4F7F400F6C7BF /* HomeViewController.swift */ = {isa = PBXFileReference; lastKnownFileType = sourcecode.swift; path = HomeViewController.swift; sourceTree = "<group>"; };
		216ACF7529C0BDA600B61044 /* OnBoardingCollectionViewCell.swift */ = {isa = PBXFileReference; lastKnownFileType = sourcecode.swift; path = OnBoardingCollectionViewCell.swift; sourceTree = "<group>"; };
		216ACF7729C0BDF400B61044 /* OnBoardingSlide.swift */ = {isa = PBXFileReference; lastKnownFileType = sourcecode.swift; path = OnBoardingSlide.swift; sourceTree = "<group>"; };
		218DFE2A29C0A1A7001C6BB5 /* Food Ordering App.app */ = {isa = PBXFileReference; explicitFileType = wrapper.application; includeInIndex = 0; path = "Food Ordering App.app"; sourceTree = BUILT_PRODUCTS_DIR; };
		218DFE2D29C0A1A7001C6BB5 /* AppDelegate.swift */ = {isa = PBXFileReference; lastKnownFileType = sourcecode.swift; path = AppDelegate.swift; sourceTree = "<group>"; };
		218DFE2F29C0A1A7001C6BB5 /* SceneDelegate.swift */ = {isa = PBXFileReference; lastKnownFileType = sourcecode.swift; path = SceneDelegate.swift; sourceTree = "<group>"; };
		218DFE3429C0A1A7001C6BB5 /* Base */ = {isa = PBXFileReference; lastKnownFileType = file.storyboard; name = Base; path = Base.lproj/Main.storyboard; sourceTree = "<group>"; };
		218DFE3629C0A1A9001C6BB5 /* Assets.xcassets */ = {isa = PBXFileReference; lastKnownFileType = folder.assetcatalog; path = Assets.xcassets; sourceTree = "<group>"; };
		218DFE3929C0A1A9001C6BB5 /* Base */ = {isa = PBXFileReference; lastKnownFileType = file.storyboard; name = Base; path = Base.lproj/LaunchScreen.storyboard; sourceTree = "<group>"; };
		218DFE3B29C0A1A9001C6BB5 /* Info.plist */ = {isa = PBXFileReference; lastKnownFileType = text.plist.xml; path = Info.plist; sourceTree = "<group>"; };
		218DFE4529C0ADA8001C6BB5 /* OnBoardingViewController.swift */ = {isa = PBXFileReference; lastKnownFileType = sourcecode.swift; path = OnBoardingViewController.swift; sourceTree = "<group>"; };
		218DFE4829C0B145001C6BB5 /* UIView+Extension.swift */ = {isa = PBXFileReference; lastKnownFileType = sourcecode.swift; path = "UIView+Extension.swift"; sourceTree = "<group>"; };
		21C0A0EE29C5D47700C86FE4 /* CategoryCollectionViewCell.swift */ = {isa = PBXFileReference; lastKnownFileType = sourcecode.swift; path = CategoryCollectionViewCell.swift; sourceTree = "<group>"; };
		21C0A0EF29C5D47700C86FE4 /* CategoryCollectionViewCell.xib */ = {isa = PBXFileReference; lastKnownFileType = file.xib; path = CategoryCollectionViewCell.xib; sourceTree = "<group>"; };
		21C0A0F229C5D6C000C86FE4 /* DishCategory.swift */ = {isa = PBXFileReference; lastKnownFileType = sourcecode.swift; path = DishCategory.swift; sourceTree = "<group>"; };
		21C0A0F429C5D8F600C86FE4 /* String+Extension.swift */ = {isa = PBXFileReference; lastKnownFileType = sourcecode.swift; path = "String+Extension.swift"; sourceTree = "<group>"; };
		21C0A0F829C5E40700C86FE4 /* CardView.swift */ = {isa = PBXFileReference; lastKnownFileType = sourcecode.swift; path = CardView.swift; sourceTree = "<group>"; };
		21C0A0FB29C5FE8A00C86FE4 /* DishCollectionViewCell.swift */ = {isa = PBXFileReference; lastKnownFileType = sourcecode.swift; path = DishCollectionViewCell.swift; sourceTree = "<group>"; };
		21C0A0FC29C5FE8A00C86FE4 /* DishCollectionViewCell.xib */ = {isa = PBXFileReference; lastKnownFileType = file.xib; path = DishCollectionViewCell.xib; sourceTree = "<group>"; };
		21C0A0FF29C6059E00C86FE4 /* Dish.swift */ = {isa = PBXFileReference; lastKnownFileType = sourcecode.swift; path = Dish.swift; sourceTree = "<group>"; };
		262A26B821CF86AF675037DF /* Pods-Food Ordering App.release.xcconfig */ = {isa = PBXFileReference; includeInIndex = 1; lastKnownFileType = text.xcconfig; name = "Pods-Food Ordering App.release.xcconfig"; path = "Target Support Files/Pods-Food Ordering App/Pods-Food Ordering App.release.xcconfig"; sourceTree = "<group>"; };
		4D0579AC5381430D565DE8A1 /* Pods-Food Ordering App.debug.xcconfig */ = {isa = PBXFileReference; includeInIndex = 1; lastKnownFileType = text.xcconfig; name = "Pods-Food Ordering App.debug.xcconfig"; path = "Target Support Files/Pods-Food Ordering App/Pods-Food Ordering App.debug.xcconfig"; sourceTree = "<group>"; };
		D3A2E2431CBD63CAB9D57356 /* Pods_Food_Ordering_App.framework */ = {isa = PBXFileReference; explicitFileType = wrapper.framework; includeInIndex = 0; path = Pods_Food_Ordering_App.framework; sourceTree = BUILT_PRODUCTS_DIR; };
/* End PBXFileReference section */

/* Begin PBXFrameworksBuildPhase section */
		218DFE2729C0A1A7001C6BB5 /* Frameworks */ = {
			isa = PBXFrameworksBuildPhase;
			buildActionMask = 2147483647;
			files = (
				467D896E56344DB8E186147A /* Pods_Food_Ordering_App.framework in Frameworks */,
			);
			runOnlyForDeploymentPostprocessing = 0;
		};
/* End PBXFrameworksBuildPhase section */

/* Begin PBXGroup section */
		214A40B429C4F7C900F6C7BF /* Home */ = {
			isa = PBXGroup;
			children = (
				214A40B529C4F7F400F6C7BF /* HomeViewController.swift */,
			);
			path = Home;
			sourceTree = "<group>";
		};
		218DFE2129C0A1A7001C6BB5 = {
			isa = PBXGroup;
			children = (
				218DFE2C29C0A1A7001C6BB5 /* Food Ordering App */,
				218DFE2B29C0A1A7001C6BB5 /* Products */,
				6D2800DA219DD4F2CCDDEDA8 /* Pods */,
				72AD2D9DCB0FFDC1EB2C2D3A /* Frameworks */,
			);
			sourceTree = "<group>";
		};
		218DFE2B29C0A1A7001C6BB5 /* Products */ = {
			isa = PBXGroup;
			children = (
				218DFE2A29C0A1A7001C6BB5 /* Food Ordering App.app */,
			);
			name = Products;
			sourceTree = "<group>";
		};
		218DFE2C29C0A1A7001C6BB5 /* Food Ordering App */ = {
			isa = PBXGroup;
			children = (
				218DFE4729C0B112001C6BB5 /* Extensions */,
				218DFE4329C0AD6D001C6BB5 /* Custom Views */,
				218DFE4229C0AD67001C6BB5 /* Views */,
				218DFE4129C0AD5F001C6BB5 /* Models */,
				218DFE2D29C0A1A7001C6BB5 /* AppDelegate.swift */,
				218DFE2F29C0A1A7001C6BB5 /* SceneDelegate.swift */,
				218DFE3329C0A1A7001C6BB5 /* Main.storyboard */,
				218DFE3629C0A1A9001C6BB5 /* Assets.xcassets */,
				218DFE3829C0A1A9001C6BB5 /* LaunchScreen.storyboard */,
				218DFE3B29C0A1A9001C6BB5 /* Info.plist */,
			);
			path = "Food Ordering App";
			sourceTree = "<group>";
		};
		218DFE4129C0AD5F001C6BB5 /* Models */ = {
			isa = PBXGroup;
			children = (
				216ACF7729C0BDF400B61044 /* OnBoardingSlide.swift */,
				21C0A0F229C5D6C000C86FE4 /* DishCategory.swift */,
				21C0A0FF29C6059E00C86FE4 /* Dish.swift */,
			);
			path = Models;
			sourceTree = "<group>";
		};
		218DFE4229C0AD67001C6BB5 /* Views */ = {
			isa = PBXGroup;
			children = (
				214A40B429C4F7C900F6C7BF /* Home */,
				218DFE4429C0AD75001C6BB5 /* OnBoarding */,
			);
			path = Views;
			sourceTree = "<group>";
		};
		218DFE4329C0AD6D001C6BB5 /* Custom Views */ = {
			isa = PBXGroup;
			children = (
				21C0A0F729C5E3E900C86FE4 /* CardView */,
				21C0A0EC29C5D43600C86FE4 /* CollectionViewCells */,
			);
			path = "Custom Views";
			sourceTree = "<group>";
		};
		218DFE4429C0AD75001C6BB5 /* OnBoarding */ = {
			isa = PBXGroup;
			children = (
				218DFE4529C0ADA8001C6BB5 /* OnBoardingViewController.swift */,
				216ACF7529C0BDA600B61044 /* OnBoardingCollectionViewCell.swift */,
			);
			path = OnBoarding;
			sourceTree = "<group>";
		};
		218DFE4729C0B112001C6BB5 /* Extensions */ = {
			isa = PBXGroup;
			children = (
				218DFE4829C0B145001C6BB5 /* UIView+Extension.swift */,
				21C0A0F429C5D8F600C86FE4 /* String+Extension.swift */,
			);
			path = Extensions;
			sourceTree = "<group>";
		};
		21C0A0EC29C5D43600C86FE4 /* CollectionViewCells */ = {
			isa = PBXGroup;
			children = (
				21C0A0FA29C5FE6000C86FE4 /* DishCollectionViewCell */,
				21C0A0ED29C5D44B00C86FE4 /* CategoryCollectionViewCell */,
			);
			path = CollectionViewCells;
			sourceTree = "<group>";
		};
		21C0A0ED29C5D44B00C86FE4 /* CategoryCollectionViewCell */ = {
			isa = PBXGroup;
			children = (
				21C0A0EE29C5D47700C86FE4 /* CategoryCollectionViewCell.swift */,
				21C0A0EF29C5D47700C86FE4 /* CategoryCollectionViewCell.xib */,
			);
			path = CategoryCollectionViewCell;
			sourceTree = "<group>";
		};
		21C0A0F729C5E3E900C86FE4 /* CardView */ = {
			isa = PBXGroup;
			children = (
				21C0A0F829C5E40700C86FE4 /* CardView.swift */,
			);
			path = CardView;
			sourceTree = "<group>";
		};
		21C0A0FA29C5FE6000C86FE4 /* DishCollectionViewCell */ = {
			isa = PBXGroup;
			children = (
				21C0A0FB29C5FE8A00C86FE4 /* DishCollectionViewCell.swift */,
				21C0A0FC29C5FE8A00C86FE4 /* DishCollectionViewCell.xib */,
			);
			path = DishCollectionViewCell;
			sourceTree = "<group>";
		};
		6D2800DA219DD4F2CCDDEDA8 /* Pods */ = {
			isa = PBXGroup;
			children = (
				4D0579AC5381430D565DE8A1 /* Pods-Food Ordering App.debug.xcconfig */,
				262A26B821CF86AF675037DF /* Pods-Food Ordering App.release.xcconfig */,
			);
			path = Pods;
			sourceTree = "<group>";
		};
		72AD2D9DCB0FFDC1EB2C2D3A /* Frameworks */ = {
			isa = PBXGroup;
			children = (
				D3A2E2431CBD63CAB9D57356 /* Pods_Food_Ordering_App.framework */,
			);
			name = Frameworks;
			sourceTree = "<group>";
		};
/* End PBXGroup section */

/* Begin PBXNativeTarget section */
		218DFE2929C0A1A7001C6BB5 /* Food Ordering App */ = {
			isa = PBXNativeTarget;
			buildConfigurationList = 218DFE3E29C0A1A9001C6BB5 /* Build configuration list for PBXNativeTarget "Food Ordering App" */;
			buildPhases = (
				CF391A6D56111FDB0F8A3E72 /* [CP] Check Pods Manifest.lock */,
				218DFE2629C0A1A7001C6BB5 /* Sources */,
				218DFE2729C0A1A7001C6BB5 /* Frameworks */,
				218DFE2829C0A1A7001C6BB5 /* Resources */,
				A7DAEF5C9E6E8CEEE3D6AB2D /* [CP] Embed Pods Frameworks */,
			);
			buildRules = (
			);
			dependencies = (
			);
			name = "Food Ordering App";
			productName = "Food Ordering App";
			productReference = 218DFE2A29C0A1A7001C6BB5 /* Food Ordering App.app */;
			productType = "com.apple.product-type.application";
		};
/* End PBXNativeTarget section */

/* Begin PBXProject section */
		218DFE2229C0A1A7001C6BB5 /* Project object */ = {
			isa = PBXProject;
			attributes = {
				BuildIndependentTargetsInParallel = 1;
				LastSwiftUpdateCheck = 1420;
				LastUpgradeCheck = 1420;
				TargetAttributes = {
					218DFE2929C0A1A7001C6BB5 = {
						CreatedOnToolsVersion = 14.2;
					};
				};
			};
			buildConfigurationList = 218DFE2529C0A1A7001C6BB5 /* Build configuration list for PBXProject "Food Ordering App" */;
			compatibilityVersion = "Xcode 14.0";
			developmentRegion = en;
			hasScannedForEncodings = 0;
			knownRegions = (
				en,
				Base,
			);
			mainGroup = 218DFE2129C0A1A7001C6BB5;
			productRefGroup = 218DFE2B29C0A1A7001C6BB5 /* Products */;
			projectDirPath = "";
			projectRoot = "";
			targets = (
				218DFE2929C0A1A7001C6BB5 /* Food Ordering App */,
			);
		};
/* End PBXProject section */

/* Begin PBXResourcesBuildPhase section */
		218DFE2829C0A1A7001C6BB5 /* Resources */ = {
			isa = PBXResourcesBuildPhase;
			buildActionMask = 2147483647;
			files = (
				21C0A0F129C5D47700C86FE4 /* CategoryCollectionViewCell.xib in Resources */,
				218DFE3A29C0A1A9001C6BB5 /* LaunchScreen.storyboard in Resources */,
				218DFE3729C0A1A9001C6BB5 /* Assets.xcassets in Resources */,
				218DFE3529C0A1A7001C6BB5 /* Main.storyboard in Resources */,
				21C0A0FE29C5FE8A00C86FE4 /* DishCollectionViewCell.xib in Resources */,
			);
			runOnlyForDeploymentPostprocessing = 0;
		};
/* End PBXResourcesBuildPhase section */

/* Begin PBXShellScriptBuildPhase section */
		A7DAEF5C9E6E8CEEE3D6AB2D /* [CP] Embed Pods Frameworks */ = {
			isa = PBXShellScriptBuildPhase;
			buildActionMask = 2147483647;
			files = (
			);
			inputFileListPaths = (
				"${PODS_ROOT}/Target Support Files/Pods-Food Ordering App/Pods-Food Ordering App-frameworks-${CONFIGURATION}-input-files.xcfilelist",
			);
			name = "[CP] Embed Pods Frameworks";
			outputFileListPaths = (
				"${PODS_ROOT}/Target Support Files/Pods-Food Ordering App/Pods-Food Ordering App-frameworks-${CONFIGURATION}-output-files.xcfilelist",
			);
			runOnlyForDeploymentPostprocessing = 0;
			shellPath = /bin/sh;
			shellScript = "\"${PODS_ROOT}/Target Support Files/Pods-Food Ordering App/Pods-Food Ordering App-frameworks.sh\"\n";
			showEnvVarsInLog = 0;
		};
		CF391A6D56111FDB0F8A3E72 /* [CP] Check Pods Manifest.lock */ = {
			isa = PBXShellScriptBuildPhase;
			buildActionMask = 2147483647;
			files = (
			);
			inputFileListPaths = (
			);
			inputPaths = (
				"${PODS_PODFILE_DIR_PATH}/Podfile.lock",
				"${PODS_ROOT}/Manifest.lock",
			);
			name = "[CP] Check Pods Manifest.lock";
			outputFileListPaths = (
			);
			outputPaths = (
				"$(DERIVED_FILE_DIR)/Pods-Food Ordering App-checkManifestLockResult.txt",
			);
			runOnlyForDeploymentPostprocessing = 0;
			shellPath = /bin/sh;
			shellScript = "diff \"${PODS_PODFILE_DIR_PATH}/Podfile.lock\" \"${PODS_ROOT}/Manifest.lock\" > /dev/null\nif [ $? != 0 ] ; then\n    # print error to STDERR\n    echo \"error: The sandbox is not in sync with the Podfile.lock. Run 'pod install' or update your CocoaPods installation.\" >&2\n    exit 1\nfi\n# This output is used by Xcode 'outputs' to avoid re-running this script phase.\necho \"SUCCESS\" > \"${SCRIPT_OUTPUT_FILE_0}\"\n";
			showEnvVarsInLog = 0;
		};
/* End PBXShellScriptBuildPhase section */

/* Begin PBXSourcesBuildPhase section */
		218DFE2629C0A1A7001C6BB5 /* Sources */ = {
			isa = PBXSourcesBuildPhase;
			buildActionMask = 2147483647;
			files = (
				21C0A0F029C5D47700C86FE4 /* CategoryCollectionViewCell.swift in Sources */,
				218DFE2E29C0A1A7001C6BB5 /* AppDelegate.swift in Sources */,
				218DFE3029C0A1A7001C6BB5 /* SceneDelegate.swift in Sources */,
				218DFE4929C0B145001C6BB5 /* UIView+Extension.swift in Sources */,
				216ACF7629C0BDA600B61044 /* OnBoardingCollectionViewCell.swift in Sources */,
				216ACF7829C0BDF400B61044 /* OnBoardingSlide.swift in Sources */,
				214A40B629C4F7F400F6C7BF /* HomeViewController.swift in Sources */,
				21C0A0F329C5D6C000C86FE4 /* DishCategory.swift in Sources */,
				21C0A0F529C5D8F600C86FE4 /* String+Extension.swift in Sources */,
				21C0A0F929C5E40700C86FE4 /* CardView.swift in Sources */,
				21C0A0FD29C5FE8A00C86FE4 /* DishCollectionViewCell.swift in Sources */,
				21C0A10029C6059E00C86FE4 /* Dish.swift in Sources */,
				218DFE4629C0ADA8001C6BB5 /* OnBoardingViewController.swift in Sources */,
			);
			runOnlyForDeploymentPostprocessing = 0;
		};
/* End PBXSourcesBuildPhase section */

/* Begin PBXVariantGroup section */
		218DFE3329C0A1A7001C6BB5 /* Main.storyboard */ = {
			isa = PBXVariantGroup;
			children = (
				218DFE3429C0A1A7001C6BB5 /* Base */,
			);
			name = Main.storyboard;
			sourceTree = "<group>";
		};
		218DFE3829C0A1A9001C6BB5 /* LaunchScreen.storyboard */ = {
			isa = PBXVariantGroup;
			children = (
				218DFE3929C0A1A9001C6BB5 /* Base */,
			);
			name = LaunchScreen.storyboard;
			sourceTree = "<group>";
		};
/* End PBXVariantGroup section */

/* Begin XCBuildConfiguration section */
		218DFE3C29C0A1A9001C6BB5 /* Debug */ = {
			isa = XCBuildConfiguration;
			buildSettings = {
				ALWAYS_SEARCH_USER_PATHS = NO;
				CLANG_ANALYZER_NONNULL = YES;
				CLANG_ANALYZER_NUMBER_OBJECT_CONVERSION = YES_AGGRESSIVE;
				CLANG_CXX_LANGUAGE_STANDARD = "gnu++20";
				CLANG_ENABLE_MODULES = YES;
				CLANG_ENABLE_OBJC_ARC = YES;
				CLANG_ENABLE_OBJC_WEAK = YES;
				CLANG_WARN_BLOCK_CAPTURE_AUTORELEASING = YES;
				CLANG_WARN_BOOL_CONVERSION = YES;
				CLANG_WARN_COMMA = YES;
				CLANG_WARN_CONSTANT_CONVERSION = YES;
				CLANG_WARN_DEPRECATED_OBJC_IMPLEMENTATIONS = YES;
				CLANG_WARN_DIRECT_OBJC_ISA_USAGE = YES_ERROR;
				CLANG_WARN_DOCUMENTATION_COMMENTS = YES;
				CLANG_WARN_EMPTY_BODY = YES;
				CLANG_WARN_ENUM_CONVERSION = YES;
				CLANG_WARN_INFINITE_RECURSION = YES;
				CLANG_WARN_INT_CONVERSION = YES;
				CLANG_WARN_NON_LITERAL_NULL_CONVERSION = YES;
				CLANG_WARN_OBJC_IMPLICIT_RETAIN_SELF = YES;
				CLANG_WARN_OBJC_LITERAL_CONVERSION = YES;
				CLANG_WARN_OBJC_ROOT_CLASS = YES_ERROR;
				CLANG_WARN_QUOTED_INCLUDE_IN_FRAMEWORK_HEADER = YES;
				CLANG_WARN_RANGE_LOOP_ANALYSIS = YES;
				CLANG_WARN_STRICT_PROTOTYPES = YES;
				CLANG_WARN_SUSPICIOUS_MOVE = YES;
				CLANG_WARN_UNGUARDED_AVAILABILITY = YES_AGGRESSIVE;
				CLANG_WARN_UNREACHABLE_CODE = YES;
				CLANG_WARN__DUPLICATE_METHOD_MATCH = YES;
				COPY_PHASE_STRIP = NO;
				DEBUG_INFORMATION_FORMAT = dwarf;
				ENABLE_STRICT_OBJC_MSGSEND = YES;
				ENABLE_TESTABILITY = YES;
				GCC_C_LANGUAGE_STANDARD = gnu11;
				GCC_DYNAMIC_NO_PIC = NO;
				GCC_NO_COMMON_BLOCKS = YES;
				GCC_OPTIMIZATION_LEVEL = 0;
				GCC_PREPROCESSOR_DEFINITIONS = (
					"DEBUG=1",
					"$(inherited)",
				);
				GCC_WARN_64_TO_32_BIT_CONVERSION = YES;
				GCC_WARN_ABOUT_RETURN_TYPE = YES_ERROR;
				GCC_WARN_UNDECLARED_SELECTOR = YES;
				GCC_WARN_UNINITIALIZED_AUTOS = YES_AGGRESSIVE;
				GCC_WARN_UNUSED_FUNCTION = YES;
				GCC_WARN_UNUSED_VARIABLE = YES;
				IPHONEOS_DEPLOYMENT_TARGET = 16.2;
				MTL_ENABLE_DEBUG_INFO = INCLUDE_SOURCE;
				MTL_FAST_MATH = YES;
				ONLY_ACTIVE_ARCH = YES;
				SDKROOT = iphoneos;
				SWIFT_ACTIVE_COMPILATION_CONDITIONS = DEBUG;
				SWIFT_OPTIMIZATION_LEVEL = "-Onone";
			};
			name = Debug;
		};
		218DFE3D29C0A1A9001C6BB5 /* Release */ = {
			isa = XCBuildConfiguration;
			buildSettings = {
				ALWAYS_SEARCH_USER_PATHS = NO;
				CLANG_ANALYZER_NONNULL = YES;
				CLANG_ANALYZER_NUMBER_OBJECT_CONVERSION = YES_AGGRESSIVE;
				CLANG_CXX_LANGUAGE_STANDARD = "gnu++20";
				CLANG_ENABLE_MODULES = YES;
				CLANG_ENABLE_OBJC_ARC = YES;
				CLANG_ENABLE_OBJC_WEAK = YES;
				CLANG_WARN_BLOCK_CAPTURE_AUTORELEASING = YES;
				CLANG_WARN_BOOL_CONVERSION = YES;
				CLANG_WARN_COMMA = YES;
				CLANG_WARN_CONSTANT_CONVERSION = YES;
				CLANG_WARN_DEPRECATED_OBJC_IMPLEMENTATIONS = YES;
				CLANG_WARN_DIRECT_OBJC_ISA_USAGE = YES_ERROR;
				CLANG_WARN_DOCUMENTATION_COMMENTS = YES;
				CLANG_WARN_EMPTY_BODY = YES;
				CLANG_WARN_ENUM_CONVERSION = YES;
				CLANG_WARN_INFINITE_RECURSION = YES;
				CLANG_WARN_INT_CONVERSION = YES;
				CLANG_WARN_NON_LITERAL_NULL_CONVERSION = YES;
				CLANG_WARN_OBJC_IMPLICIT_RETAIN_SELF = YES;
				CLANG_WARN_OBJC_LITERAL_CONVERSION = YES;
				CLANG_WARN_OBJC_ROOT_CLASS = YES_ERROR;
				CLANG_WARN_QUOTED_INCLUDE_IN_FRAMEWORK_HEADER = YES;
				CLANG_WARN_RANGE_LOOP_ANALYSIS = YES;
				CLANG_WARN_STRICT_PROTOTYPES = YES;
				CLANG_WARN_SUSPICIOUS_MOVE = YES;
				CLANG_WARN_UNGUARDED_AVAILABILITY = YES_AGGRESSIVE;
				CLANG_WARN_UNREACHABLE_CODE = YES;
				CLANG_WARN__DUPLICATE_METHOD_MATCH = YES;
				COPY_PHASE_STRIP = NO;
				DEBUG_INFORMATION_FORMAT = "dwarf-with-dsym";
				ENABLE_NS_ASSERTIONS = NO;
				ENABLE_STRICT_OBJC_MSGSEND = YES;
				GCC_C_LANGUAGE_STANDARD = gnu11;
				GCC_NO_COMMON_BLOCKS = YES;
				GCC_WARN_64_TO_32_BIT_CONVERSION = YES;
				GCC_WARN_ABOUT_RETURN_TYPE = YES_ERROR;
				GCC_WARN_UNDECLARED_SELECTOR = YES;
				GCC_WARN_UNINITIALIZED_AUTOS = YES_AGGRESSIVE;
				GCC_WARN_UNUSED_FUNCTION = YES;
				GCC_WARN_UNUSED_VARIABLE = YES;
				IPHONEOS_DEPLOYMENT_TARGET = 16.2;
				MTL_ENABLE_DEBUG_INFO = NO;
				MTL_FAST_MATH = YES;
				SDKROOT = iphoneos;
				SWIFT_COMPILATION_MODE = wholemodule;
				SWIFT_OPTIMIZATION_LEVEL = "-O";
				VALIDATE_PRODUCT = YES;
			};
			name = Release;
		};
		218DFE3F29C0A1A9001C6BB5 /* Debug */ = {
			isa = XCBuildConfiguration;
			baseConfigurationReference = 4D0579AC5381430D565DE8A1 /* Pods-Food Ordering App.debug.xcconfig */;
			buildSettings = {
				ASSETCATALOG_COMPILER_APPICON_NAME = AppIcon;
				ASSETCATALOG_COMPILER_GLOBAL_ACCENT_COLOR_NAME = AccentColor;
				CODE_SIGN_STYLE = Automatic;
				CURRENT_PROJECT_VERSION = 1;
				DEVELOPMENT_TEAM = BAHUM2K72T;
				GENERATE_INFOPLIST_FILE = YES;
				INFOPLIST_FILE = "Food Ordering App/Info.plist";
				INFOPLIST_KEY_UIApplicationSupportsIndirectInputEvents = YES;
				INFOPLIST_KEY_UILaunchStoryboardName = LaunchScreen;
				INFOPLIST_KEY_UIMainStoryboardFile = Main;
				INFOPLIST_KEY_UISupportedInterfaceOrientations_iPad = "UIInterfaceOrientationPortrait UIInterfaceOrientationPortraitUpsideDown UIInterfaceOrientationLandscapeLeft UIInterfaceOrientationLandscapeRight";
				INFOPLIST_KEY_UISupportedInterfaceOrientations_iPhone = "UIInterfaceOrientationPortrait UIInterfaceOrientationLandscapeLeft UIInterfaceOrientationLandscapeRight";
				LD_RUNPATH_SEARCH_PATHS = (
					"$(inherited)",
					"@executable_path/Frameworks",
				);
				MARKETING_VERSION = 1.0;
				PRODUCT_BUNDLE_IDENTIFIER = "ahmetcantopcu.Food-Ordering-App";
				PRODUCT_NAME = "$(TARGET_NAME)";
				SWIFT_EMIT_LOC_STRINGS = YES;
				SWIFT_VERSION = 5.0;
				TARGETED_DEVICE_FAMILY = "1,2";
			};
			name = Debug;
		};
		218DFE4029C0A1A9001C6BB5 /* Release */ = {
			isa = XCBuildConfiguration;
			baseConfigurationReference = 262A26B821CF86AF675037DF /* Pods-Food Ordering App.release.xcconfig */;
			buildSettings = {
				ASSETCATALOG_COMPILER_APPICON_NAME = AppIcon;
				ASSETCATALOG_COMPILER_GLOBAL_ACCENT_COLOR_NAME = AccentColor;
				CODE_SIGN_STYLE = Automatic;
				CURRENT_PROJECT_VERSION = 1;
				DEVELOPMENT_TEAM = BAHUM2K72T;
				GENERATE_INFOPLIST_FILE = YES;
				INFOPLIST_FILE = "Food Ordering App/Info.plist";
				INFOPLIST_KEY_UIApplicationSupportsIndirectInputEvents = YES;
				INFOPLIST_KEY_UILaunchStoryboardName = LaunchScreen;
				INFOPLIST_KEY_UIMainStoryboardFile = Main;
				INFOPLIST_KEY_UISupportedInterfaceOrientations_iPad = "UIInterfaceOrientationPortrait UIInterfaceOrientationPortraitUpsideDown UIInterfaceOrientationLandscapeLeft UIInterfaceOrientationLandscapeRight";
				INFOPLIST_KEY_UISupportedInterfaceOrientations_iPhone = "UIInterfaceOrientationPortrait UIInterfaceOrientationLandscapeLeft UIInterfaceOrientationLandscapeRight";
				LD_RUNPATH_SEARCH_PATHS = (
					"$(inherited)",
					"@executable_path/Frameworks",
				);
				MARKETING_VERSION = 1.0;
				PRODUCT_BUNDLE_IDENTIFIER = "ahmetcantopcu.Food-Ordering-App";
				PRODUCT_NAME = "$(TARGET_NAME)";
				SWIFT_EMIT_LOC_STRINGS = YES;
				SWIFT_VERSION = 5.0;
				TARGETED_DEVICE_FAMILY = "1,2";
			};
			name = Release;
		};
/* End XCBuildConfiguration section */

/* Begin XCConfigurationList section */
		218DFE2529C0A1A7001C6BB5 /* Build configuration list for PBXProject "Food Ordering App" */ = {
			isa = XCConfigurationList;
			buildConfigurations = (
				218DFE3C29C0A1A9001C6BB5 /* Debug */,
				218DFE3D29C0A1A9001C6BB5 /* Release */,
			);
			defaultConfigurationIsVisible = 0;
			defaultConfigurationName = Release;
		};
		218DFE3E29C0A1A9001C6BB5 /* Build configuration list for PBXNativeTarget "Food Ordering App" */ = {
			isa = XCConfigurationList;
			buildConfigurations = (
				218DFE3F29C0A1A9001C6BB5 /* Debug */,
				218DFE4029C0A1A9001C6BB5 /* Release */,
			);
			defaultConfigurationIsVisible = 0;
			defaultConfigurationName = Release;
		};
/* End XCConfigurationList section */
	};
	rootObject = 218DFE2229C0A1A7001C6BB5 /* Project object */;
}
